
Microsoft Visual Studio Solution File, Format Version 12.00
# Visual Studio Version 16
VisualStudioVersion = 16.0.34407.143
MinimumVisualStudioVersion = 10.0.40219.1
Project("{FAE04EC0-301F-11D3-BF4B-00C04F79EFBC}") = "POS", "POS\POS.csproj", "{D37A5AE2-7B74-4367-A488-F3157F51A878}"
EndProject
Global
	GlobalSection(SolutionConfigurationPlatforms) = preSolution
		Debug|Any CPU = Debug|Any CPU
		Release|Any CPU = Release|Any CPU
	EndGlobalSection
	GlobalSection(ProjectConfigurationPlatforms) = postSolution
		{D37A5AE2-7B74-4367-A488-F3157F51A878}.Debug|Any CPU.ActiveCfg = Debug|Any CPU
		{D37A5AE2-7B74-4367-A488-F3157F51A878}.Debug|Any CPU.Build.0 = Debug|Any CPU
		{D37A5AE2-7B74-4367-A488-F3157F51A878}.Release|Any CPU.ActiveCfg = Release|Any CPU
		{D37A5AE2-7B74-4367-A488-F3157F51A878}.Release|Any CPU.Build.0 = Release|Any CPU
	EndGlobalSection
	GlobalSection(SolutionProperties) = preSolution
		HideSolutionNode = FALSE
	EndGlobalSection
	GlobalSection(ExtensibilityGlobals) = postSolution
		SolutionGuid = {10649F20-5C22-4219-8CA0-A047712AE231}
	EndGlobalSection
EndGlobal
